{
    "_readme": [
        "This file locks the dependencies of your project to a known state",
        "Read more about it at https://getcomposer.org/doc/01-basic-usage.md#installing-dependencies",
        "This file is @generated automatically"
    ],
    "content-hash": "d46869d3a2d5cf3f82d4604238de8ca5",
    "packages": [
        {
            "name": "ralfhortt/wp-assets",
            "version": "2.2.2",
            "source": {
                "type": "git",
                "url": "https://github.com/Horttcore/wp-assets.git",
                "reference": "b4e18da930a97e43dcca9cbb8166fce70e0c272e"
            },
            "dist": {
                "type": "zip",
                "url": "https://api.github.com/repos/Horttcore/wp-assets/zipball/b4e18da930a97e43dcca9cbb8166fce70e0c272e",
                "reference": "b4e18da930a97e43dcca9cbb8166fce70e0c272e",
                "shasum": ""
            },
            "require": {
                "php": ">=8"
            },
            "type": "library",
            "autoload": {
                "psr-4": {
                    "RalfHortt\\Assets\\": "src/"
                }
            },
            "notification-url": "https://packagist.org/downloads/",
            "license": [
                "MIT"
            ],
            "authors": [
                {
                    "name": "Ralf Hortt",
                    "email": "mail@ralfhortt.dev"
                }
            ],
            "description": "A helper package for working with the WordPress assets",
            "support": {
                "source": "https://github.com/Horttcore/wp-assets/tree/2.2.2"
            },
            "time": "2024-03-24T21:26:46+00:00"
        }
    ],
    "packages-dev": [],
    "aliases": [],
    "minimum-stability": "stable",
    "stability-flags": [],
    "prefer-stable": false,
    "prefer-lowest": false,
    "platform": [],
    "platform-dev": [],
    "plugin-api-version": "2.6.0"
}
