{
    "_readme": [
        "This file locks the dependencies of your project to a known state",
        "Read more about it at https://getcomposer.org/doc/01-basic-usage.md#installing-dependencies",
        "This file is @generated automatically"
    ],
    "content-hash": "b2fbc220e6e05594466be6d406eb17fa",
    "packages": [
        {
            "name": "ralfhortt/wp-assets",
            "version": "3.0.0",
            "source": {
                "type": "git",
                "url": "https://github.com/Horttcore/wp-assets.git",
                "reference": "d75b97fde3454bb228e04597c9e56372a9ddc0ef"
            },
            "dist": {
                "type": "zip",
                "url": "https://api.github.com/repos/Horttcore/wp-assets/zipball/d75b97fde3454bb228e04597c9e56372a9ddc0ef",
                "reference": "d75b97fde3454bb228e04597c9e56372a9ddc0ef",
                "shasum": ""
            },
            "require": {
                "php": ">=8.2"
            },
            "require-dev": {
                "phpstan/phpstan": "^1.12"
            },
            "type": "library",
            "autoload": {
                "psr-4": {
                    "RalfHortt\\Assets\\": "src/"
                }
            },
            "notification-url": "https://packagist.org/downloads/",
            "license": [
                "MIT"
            ],
            "authors": [
                {
                    "name": "Ralf Hortt",
                    "email": "mail@ralfhortt.dev"
                }
            ],
            "description": "A helper package for working with the WordPress assets",
            "support": {
                "source": "https://github.com/Horttcore/wp-assets/tree/3.0.0"
            },
            "time": "2024-11-06T22:00:25+00:00"
        }
    ],
    "packages-dev": [],
    "aliases": [],
    "minimum-stability": "stable",
    "stability-flags": [],
    "prefer-stable": false,
    "prefer-lowest": false,
    "platform": [],
    "platform-dev": [],
    "plugin-api-version": "2.6.0"
}
